// !$*UTF8*$!
{
	archiveVersion = 1;
	classes = {
	};
	objectVersion = 48;
	objects = {

/* Begin PBXBuildFile section */
		196F9D11200DAA8F003E0A58 /* AppDelegate.swift in Sources */ = {isa = PBXBuildFile; fileRef = 196F9D10200DAA8F003E0A58 /* AppDelegate.swift */; };
		196F9D13200DAA8F003E0A58 /* ViewController.swift in Sources */ = {isa = PBXBuildFile; fileRef = 196F9D12200DAA8F003E0A58 /* ViewController.swift */; };
		196F9D16200DAA8F003E0A58 /* Main.storyboard in Resources */ = {isa = PBXBuildFile; fileRef = 196F9D14200DAA8F003E0A58 /* Main.storyboard */; };
		196F9D18200DAA8F003E0A58 /* Assets.xcassets in Resources */ = {isa = PBXBuildFile; fileRef = 196F9D17200DAA8F003E0A58 /* Assets.xcassets */; };
		196F9D1B200DAA8F003E0A58 /* LaunchScreen.storyboard in Resources */ = {isa = PBXBuildFile; fileRef = 196F9D19200DAA8F003E0A58 /* LaunchScreen.storyboard */; };
/* End PBXBuildFile section */

/* Begin PBXFileReference section */
		196F9D0D200DAA8F003E0A58 /* homeworkOmikuji.app */ = {isa = PBXFileReference; explicitFileType = wrapper.application; includeInIndex = 0; path = homeworkOmikuji.app; sourceTree = BUILT_PRODUCTS_DIR; };
		196F9D10200DAA8F003E0A58 /* AppDelegate.swift */ = {isa = PBXFileReference; lastKnownFileType = sourcecode.swift; path = AppDelegate.swift; sourceTree = "<group>"; };
		196F9D12200DAA8F003E0A58 /* ViewController.swift */ = {isa = PBXFileReference; lastKnownFileType = sourcecode.swift; path = ViewController.swift; sourceTree = "<group>"; };
		196F9D15200DAA8F003E0A58 /* Base */ = {isa = PBXFileReference; lastKnownFileType = file.storyboard; name = Base; path = Base.lproj/Main.storyboard; sourceTree = "<group>"; };
		196F9D17200DAA8F003E0A58 /* Assets.xcassets */ = {isa = PBXFileReference; lastKnownFileType = folder.assetcatalog; path = Assets.xcassets; sourceTree = "<group>"; };
		196F9D1A200DAA8F003E0A58 /* Base */ = {isa = PBXFileReference; lastKnownFileType = file.storyboard; name = Base; path = Base.lproj/LaunchScreen.storyboard; sourceTree = "<group>"; };
		196F9D1C200DAA8F003E0A58 /* Info.plist */ = {isa = PBXFileReference; lastKnownFileType = text.plist.xml; path = Info.plist; sourceTree = "<group>"; };
/* End PBXFileReference section */

/* Begin PBXFrameworksBuildPhase section */
		196F9D0A200DAA8F003E0A58 /* Frameworks */ = {
			isa = PBXFrameworksBuildPhase;
			buildActionMask = 2147483647;
			files = (
			);
			runOnlyForDeploymentPostprocessing = 0;
		};
/* End PBXFrameworksBuildPhase section */

/* Begin PBXGroup section */
		196F9D04200DAA8F003E0A58 = {
			isa = PBXGroup;
			children = (
				196F9D0F200DAA8F003E0A58 /* homeworkOmikuji */,
				196F9D0E200DAA8F003E0A58 /* Products */,
			);
			sourceTree = "<group>";
		};
		196F9D0E200DAA8F003E0A58 /* Products */ = {
			isa = PBXGroup;
			children = (
				196F9D0D200DAA8F003E0A58 /* homeworkOmikuji.app */,
			);
			name = Products;
			sourceTree = "<group>";
		};
		196F9D0F200DAA8F003E0A58 /* homeworkOmikuji */ = {
			isa = PBXGroup;
			children = (
				196F9D10200DAA8F003E0A58 /* AppDelegate.swift */,
				196F9D12200DAA8F003E0A58 /* ViewController.swift */,
				196F9D14200DAA8F003E0A58 /* Main.storyboard */,
				196F9D17200DAA8F003E0A58 /* Assets.xcassets */,
				196F9D19200DAA8F003E0A58 /* LaunchScreen.storyboard */,
				196F9D1C200DAA8F003E0A58 /* Info.plist */,
			);
			path = homeworkOmikuji;
			sourceTree = "<group>";
		};
/* End PBXGroup section */

/* Begin PBXNativeTarget section */
		196F9D0C200DAA8F003E0A58 /* homeworkOmikuji */ = {
			isa = PBXNativeTarget;
			buildConfigurationList = 196F9D1F200DAA8F003E0A58 /* Build configuration list for PBXNativeTarget "homeworkOmikuji" */;
			buildPhases = (
				196F9D09200DAA8F003E0A58 /* Sources */,
				196F9D0A200DAA8F003E0A58 /* Frameworks */,
				196F9D0B200DAA8F003E0A58 /* Resources */,
			);
			buildRules = (
			);
			dependencies = (
			);
			name = homeworkOmikuji;
			productName = homeworkOmikuji;
			productReference = 196F9D0D200DAA8F003E0A58 /* homeworkOmikuji.app */;
			productType = "com.apple.product-type.application";
		};
/* End PBXNativeTarget section */

/* Begin PBXProject section */
		196F9D05200DAA8F003E0A58 /* Project object */ = {
			isa = PBXProject;
			attributes = {
				LastSwiftUpdateCheck = 0920;
				LastUpgradeCheck = 0920;
				ORGANIZATIONNAME = "Eriko Ichinohe";
				TargetAttributes = {
					196F9D0C200DAA8F003E0A58 = {
						CreatedOnToolsVersion = 9.2;
						ProvisioningStyle = Automatic;
					};
				};
			};
			buildConfigurationList = 196F9D08200DAA8F003E0A58 /* Build configuration list for PBXProject "homeworkOmikuji" */;
			compatibilityVersion = "Xcode 8.0";
			developmentRegion = en;
			hasScannedForEncodings = 0;
			knownRegions = (
				en,
				Base,
			);
			mainGroup = 196F9D04200DAA8F003E0A58;
			productRefGroup = 196F9D0E200DAA8F003E0A58 /* Products */;
			projectDirPath = "";
			projectRoot = "";
			targets = (
				196F9D0C200DAA8F003E0A58 /* homeworkOmikuji */,
			);
		};
/* End PBXProject section */

/* Begin PBXResourcesBuildPhase section */
		196F9D0B200DAA8F003E0A58 /* Resources */ = {
			isa = PBXResourcesBuildPhase;
			buildActionMask = 2147483647;
			files = (
				196F9D1B200DAA8F003E0A58 /* LaunchScreen.storyboard in Resources */,
				196F9D18200DAA8F003E0A58 /* Assets.xcassets in Resources */,
				196F9D16200DAA8F003E0A58 /* Main.storyboard in Resources */,
			);
			runOnlyForDeploymentPostprocessing = 0;
		};
/* End PBXResourcesBuildPhase section */

/* Begin PBXSourcesBuildPhase section */
		196F9D09200DAA8F003E0A58 /* Sources */ = {
			isa = PBXSourcesBuildPhase;
			buildActionMask = 2147483647;
			files = (
				196F9D13200DAA8F003E0A58 /* ViewController.swift in Sources */,
				196F9D11200DAA8F003E0A58 /* AppDelegate.swift in Sources */,
			);
			runOnlyForDeploymentPostprocessing = 0;
		};
/* End PBXSourcesBuildPhase section */

/* Begin PBXVariantGroup section */
		196F9D14200DAA8F003E0A58 /* Main.storyboard */ = {
			isa = PBXVariantGroup;
			children = (
				196F9D15200DAA8F003E0A58 /* Base */,
			);
			name = Main.storyboard;
			sourceTree = "<group>";
		};
		196F9D19200DAA8F003E0A58 /* LaunchScreen.storyboard */ = {
			isa = PBXVariantGroup;
			children = (
				196F9D1A200DAA8F003E0A58 /* Base */,
			);
			name = LaunchScreen.storyboard;
			sourceTree = "<group>";
		};
/* End PBXVariantGroup section */

/* Begin XCBuildConfiguration section */
		196F9D1D200DAA8F003E0A58 /* Debug */ = {
			isa = XCBuildConfiguration;
			buildSettings = {
				ALWAYS_SEARCH_USER_PATHS = NO;
				CLANG_ANALYZER_NONNULL = YES;
				CLANG_ANALYZER_NUMBER_OBJECT_CONVERSION = YES_AGGRESSIVE;
				CLANG_CXX_LANGUAGE_STANDARD = "gnu++14";
				CLANG_CXX_LIBRARY = "libc++";
				CLANG_ENABLE_MODULES = YES;
				CLANG_ENABLE_OBJC_ARC = YES;
				CLANG_WARN_BLOCK_CAPTURE_AUTORELEASING = YES;
				CLANG_WARN_BOOL_CONVERSION = YES;
				CLANG_WARN_COMMA = YES;
				CLANG_WARN_CONSTANT_CONVERSION = YES;
				CLANG_WARN_DIRECT_OBJC_ISA_USAGE = YES_ERROR;
				CLANG_WARN_DOCUMENTATION_COMMENTS = YES;
				CLANG_WARN_EMPTY_BODY = YES;
				CLANG_WARN_ENUM_CONVERSION = YES;
				CLANG_WARN_INFINITE_RECURSION = YES;
				CLANG_WARN_INT_CONVERSION = YES;
				CLANG_WARN_NON_LITERAL_NULL_CONVERSION = YES;
				CLANG_WARN_OBJC_LITERAL_CONVERSION = YES;
				CLANG_WARN_OBJC_ROOT_CLASS = YES_ERROR;
				CLANG_WARN_RANGE_LOOP_ANALYSIS = YES;
				CLANG_WARN_STRICT_PROTOTYPES = YES;
				CLANG_WARN_SUSPICIOUS_MOVE = YES;
				CLANG_WARN_UNGUARDED_AVAILABILITY = YES_AGGRESSIVE;
				CLANG_WARN_UNREACHABLE_CODE = YES;
				CLANG_WARN__DUPLICATE_METHOD_MATCH = YES;
				CODE_SIGN_IDENTITY = "iPhone Developer";
				COPY_PHASE_STRIP = NO;
				DEBUG_INFORMATION_FORMAT = dwarf;
				ENABLE_STRICT_OBJC_MSGSEND = YES;
				ENABLE_TESTABILITY = YES;
				GCC_C_LANGUAGE_STANDARD = gnu11;
				GCC_DYNAMIC_NO_PIC = NO;
				GCC_NO_COMMON_BLOCKS = YES;
				GCC_OPTIMIZATION_LEVEL = 0;
				GCC_PREPROCESSOR_DEFINITIONS = (
					"DEBUG=1",
					"$(inherited)",
				);
				GCC_WARN_64_TO_32_BIT_CONVERSION = YES;
				GCC_WARN_ABOUT_RETURN_TYPE = YES_ERROR;
				GCC_WARN_UNDECLARED_SELECTOR = YES;
				GCC_WARN_UNINITIALIZED_AUTOS = YES_AGGRESSIVE;
				GCC_WARN_UNUSED_FUNCTION = YES;
				GCC_WARN_UNUSED_VARIABLE = YES;
				IPHONEOS_DEPLOYMENT_TARGET = 11.2;
				MTL_ENABLE_DEBUG_INFO = YES;
				ONLY_ACTIVE_ARCH = YES;
				SDKROOT = iphoneos;
				SWIFT_ACTIVE_COMPILATION_CONDITIONS = DEBUG;
				SWIFT_OPTIMIZATION_LEVEL = "-Onone";
			};
			name = Debug;
		};
		196F9D1E200DAA8F003E0A58 /* Release */ = {
			isa = XCBuildConfiguration;
			buildSettings = {
				ALWAYS_SEARCH_USER_PATHS = NO;
				CLANG_ANALYZER_NONNULL = YES;
				CLANG_ANALYZER_NUMBER_OBJECT_CONVERSION = YES_AGGRESSIVE;
				CLANG_CXX_LANGUAGE_STANDARD = "gnu++14";
				CLANG_CXX_LIBRARY = "libc++";
				CLANG_ENABLE_MODULES = YES;
				CLANG_ENABLE_OBJC_ARC = YES;
				CLANG_WARN_BLOCK_CAPTURE_AUTORELEASING = YES;
				CLANG_WARN_BOOL_CONVERSION = YES;
				CLANG_WARN_COMMA = YES;
				CLANG_WARN_CONSTANT_CONVERSION = YES;
				CLANG_WARN_DIRECT_OBJC_ISA_USAGE = YES_ERROR;
				CLANG_WARN_DOCUMENTATION_COMMENTS = YES;
				CLANG_WARN_EMPTY_BODY = YES;
				CLANG_WARN_ENUM_CONVERSION = YES;
				CLANG_WARN_INFINITE_RECURSION = YES;
				CLANG_WARN_INT_CONVERSION = YES;
				CLANG_WARN_NON_LITERAL_NULL_CONVERSION = YES;
				CLANG_WARN_OBJC_LITERAL_CONVERSION = YES;
				CLANG_WARN_OBJC_ROOT_CLASS = YES_ERROR;
				CLANG_WARN_RANGE_LOOP_ANALYSIS = YES;
				CLANG_WARN_STRICT_PROTOTYPES = YES;
				CLANG_WARN_SUSPICIOUS_MOVE = YES;
				CLANG_WARN_UNGUARDED_AVAILABILITY = YES_AGGRESSIVE;
				CLANG_WARN_UNREACHABLE_CODE = YES;
				CLANG_WARN__DUPLICATE_METHOD_MATCH = YES;
				CODE_SIGN_IDENTITY = "iPhone Developer";
				COPY_PHASE_STRIP = NO;
				DEBUG_INFORMATION_FORMAT = "dwarf-with-dsym";
				ENABLE_NS_ASSERTIONS = NO;
				ENABLE_STRICT_OBJC_MSGSEND = YES;
				GCC_C_LANGUAGE_STANDARD = gnu11;
				GCC_NO_COMMON_BLOCKS = YES;
				GCC_WARN_64_TO_32_BIT_CONVERSION = YES;
				GCC_WARN_ABOUT_RETURN_TYPE = YES_ERROR;
				GCC_WARN_UNDECLARED_SELECTOR = YES;
				GCC_WARN_UNINITIALIZED_AUTOS = YES_AGGRESSIVE;
				GCC_WARN_UNUSED_FUNCTION = YES;
				GCC_WARN_UNUSED_VARIABLE = YES;
				IPHONEOS_DEPLOYMENT_TARGET = 11.2;
				MTL_ENABLE_DEBUG_INFO = NO;
				SDKROOT = iphoneos;
				SWIFT_OPTIMIZATION_LEVEL = "-Owholemodule";
				VALIDATE_PRODUCT = YES;
			};
			name = Release;
		};
		196F9D20200DAA8F003E0A58 /* Debug */ = {
			isa = XCBuildConfiguration;
			buildSettings = {
				ASSETCATALOG_COMPILER_APPICON_NAME = AppIcon;
				CODE_SIGN_STYLE = Automatic;
				INFOPLIST_FILE = homeworkOmikuji/Info.plist;
				LD_RUNPATH_SEARCH_PATHS = "$(inherited) @executable_path/Frameworks";
				PRODUCT_BUNDLE_IDENTIFIER = com.erikoichinohe.homeworkOmikuji;
				PRODUCT_NAME = "$(TARGET_NAME)";
				SWIFT_VERSION = 4.0;
				TARGETED_DEVICE_FAMILY = "1,2";
			};
			name = Debug;
		};
		196F9D21200DAA8F003E0A58 /* Release */ = {
			isa = XCBuildConfiguration;
			buildSettings = {
				ASSETCATALOG_COMPILER_APPICON_NAME = AppIcon;
				CODE_SIGN_STYLE = Automatic;
				INFOPLIST_FILE = homeworkOmikuji/Info.plist;
				LD_RUNPATH_SEARCH_PATHS = "$(inherited) @executable_path/Frameworks";
				PRODUCT_BUNDLE_IDENTIFIER = com.erikoichinohe.homeworkOmikuji;
				PRODUCT_NAME = "$(TARGET_NAME)";
				SWIFT_VERSION = 4.0;
				TARGETED_DEVICE_FAMILY = "1,2";
			};
			name = Release;
		};
/* End XCBuildConfiguration section */

/* Begin XCConfigurationList section */
		196F9D08200DAA8F003E0A58 /* Build configuration list for PBXProject "homeworkOmikuji" */ = {
			isa = XCConfigurationList;
			buildConfigurations = (
				196F9D1D200DAA8F003E0A58 /* Debug */,
				196F9D1E200DAA8F003E0A58 /* Release */,
			);
			defaultConfigurationIsVisible = 0;
			defaultConfigurationName = Release;
		};
		196F9D1F200DAA8F003E0A58 /* Build configuration list for PBXNativeTarget "homeworkOmikuji" */ = {
			isa = XCConfigurationList;
			buildConfigurations = (
				196F9D20200DAA8F003E0A58 /* Debug */,
				196F9D21200DAA8F003E0A58 /* Release */,
			);
			defaultConfigurationIsVisible = 0;
			defaultConfigurationName = Release;
		};
/* End XCConfigurationList section */
	};
	rootObject = 196F9D05200DAA8F003E0A58 /* Project object */;
}
